
Microsoft Visual Studio Solution File, Format Version 12.00
# Visual Studio Version 16
VisualStudioVersion = 16.0.30717.126
MinimumVisualStudioVersion = 10.0.40219.1
Project("{FAE04EC0-301F-11D3-BF4B-00C04F79EFBC}") = "AdventOfCode", "AdventOfCode\AdventOfCode.csproj", "{22A9553A-80BE-4630-8DA9-A0800EDDAACB}"
EndProject
Project("{FAE04EC0-301F-11D3-BF4B-00C04F79EFBC}") = "AdventOfCodeTests", "Tests\AdventOfCodeTests\AdventOfCodeTests.csproj", "{8C6A9D6E-90D4-4EEF-B3BA-BDFB8F02F4A9}"
EndProject
Global
	GlobalSection(SolutionConfigurationPlatforms) = preSolution
		Debug|Any CPU = Debug|Any CPU
		Release|Any CPU = Release|Any CPU
	EndGlobalSection
	GlobalSection(ProjectConfigurationPlatforms) = postSolution
		{22A9553A-80BE-4630-8DA9-A0800EDDAACB}.Debug|Any CPU.ActiveCfg = Debug|Any CPU
		{22A9553A-80BE-4630-8DA9-A0800EDDAACB}.Debug|Any CPU.Build.0 = Debug|Any CPU
		{22A9553A-80BE-4630-8DA9-A0800EDDAACB}.Release|Any CPU.ActiveCfg = Release|Any CPU
		{22A9553A-80BE-4630-8DA9-A0800EDDAACB}.Release|Any CPU.Build.0 = Release|Any CPU
		{8C6A9D6E-90D4-4EEF-B3BA-BDFB8F02F4A9}.Debug|Any CPU.ActiveCfg = Debug|Any CPU
		{8C6A9D6E-90D4-4EEF-B3BA-BDFB8F02F4A9}.Debug|Any CPU.Build.0 = Debug|Any CPU
		{8C6A9D6E-90D4-4EEF-B3BA-BDFB8F02F4A9}.Release|Any CPU.ActiveCfg = Release|Any CPU
		{8C6A9D6E-90D4-4EEF-B3BA-BDFB8F02F4A9}.Release|Any CPU.Build.0 = Release|Any CPU
	EndGlobalSection
	GlobalSection(SolutionProperties) = preSolution
		HideSolutionNode = FALSE
	EndGlobalSection
	GlobalSection(ExtensibilityGlobals) = postSolution
		SolutionGuid = {DFE66BCE-0C6F-4416-8E8E-E8A718512381}
	EndGlobalSection
EndGlobal
